
Microsoft Visual Studio Solution File, Format Version 12.00
# Visual Studio Version 17
VisualStudioVersion = 17.5.33530.505
MinimumVisualStudioVersion = 10.0.40219.1
Project("{FAE04EC0-301F-11D3-BF4B-00C04F79EFBC}") = "PushNotificationTracker", "PushNotificationTracker.csproj", "{27101BE2-958B-4E48-A152-E9134D897E70}"
EndProject
Project("{9A19103F-16F7-4668-BE54-9A1E7A4F7556}") = "FzCommon", "..\..\Libraries\FzCommon\FzCommon.csproj", "{36289678-4881-4422-8625-CC597736BDB6}"
EndProject
Global
	GlobalSection(SolutionConfigurationPlatforms) = preSolution
		Debug|Any CPU = Debug|Any CPU
		Release|Any CPU = Release|Any CPU
	EndGlobalSection
	GlobalSection(ProjectConfigurationPlatforms) = postSolution
		{27101BE2-958B-4E48-A152-E9134D897E70}.Debug|Any CPU.ActiveCfg = Debug|Any CPU
		{27101BE2-958B-4E48-A152-E9134D897E70}.Debug|Any CPU.Build.0 = Debug|Any CPU
		{27101BE2-958B-4E48-A152-E9134D897E70}.Release|Any CPU.ActiveCfg = Release|Any CPU
		{27101BE2-958B-4E48-A152-E9134D897E70}.Release|Any CPU.Build.0 = Release|Any CPU
		{36289678-4881-4422-8625-CC597736BDB6}.Debug|Any CPU.ActiveCfg = Debug|Any CPU
		{36289678-4881-4422-8625-CC597736BDB6}.Debug|Any CPU.Build.0 = Debug|Any CPU
		{36289678-4881-4422-8625-CC597736BDB6}.Release|Any CPU.ActiveCfg = Release|Any CPU
		{36289678-4881-4422-8625-CC597736BDB6}.Release|Any CPU.Build.0 = Release|Any CPU
	EndGlobalSection
	GlobalSection(SolutionProperties) = preSolution
		HideSolutionNode = FALSE
	EndGlobalSection
	GlobalSection(ExtensibilityGlobals) = postSolution
		SolutionGuid = {57B41723-466A-4C90-9016-14FA9960E622}
	EndGlobalSection
EndGlobal
