
Microsoft Visual Studio Solution File, Format Version 12.00
# Visual Studio Version 17
VisualStudioVersion = 17.1.32228.430
MinimumVisualStudioVersion = 10.0.40219.1
Project("{FAE04EC0-301F-11D3-BF4B-00C04F79EFBC}") = "FloodzillaWeb", "FloodzillaWeb.csproj", "{DB69AC63-AA1B-496E-8B09-DFBC0204C388}"
EndProject
Project("{9A19103F-16F7-4668-BE54-9A1E7A4F7556}") = "FzCommon", "..\..\Libraries\FzCommon\FzCommon.csproj", "{B478C2D9-5710-4112-81CF-3A7D423EC1FF}"
EndProject
Global
	GlobalSection(SolutionConfigurationPlatforms) = preSolution
		Debug|Any CPU = Debug|Any CPU
		Release|Any CPU = Release|Any CPU
	EndGlobalSection
	GlobalSection(ProjectConfigurationPlatforms) = postSolution
		{DB69AC63-AA1B-496E-8B09-DFBC0204C388}.Debug|Any CPU.ActiveCfg = Debug|Any CPU
		{DB69AC63-AA1B-496E-8B09-DFBC0204C388}.Debug|Any CPU.Build.0 = Debug|Any CPU
		{DB69AC63-AA1B-496E-8B09-DFBC0204C388}.Release|Any CPU.ActiveCfg = Release|Any CPU
		{DB69AC63-AA1B-496E-8B09-DFBC0204C388}.Release|Any CPU.Build.0 = Release|Any CPU
		{B478C2D9-5710-4112-81CF-3A7D423EC1FF}.Debug|Any CPU.ActiveCfg = Debug|Any CPU
		{B478C2D9-5710-4112-81CF-3A7D423EC1FF}.Debug|Any CPU.Build.0 = Debug|Any CPU
		{B478C2D9-5710-4112-81CF-3A7D423EC1FF}.Release|Any CPU.ActiveCfg = Release|Any CPU
		{B478C2D9-5710-4112-81CF-3A7D423EC1FF}.Release|Any CPU.Build.0 = Release|Any CPU
	EndGlobalSection
	GlobalSection(SolutionProperties) = preSolution
		HideSolutionNode = FALSE
	EndGlobalSection
	GlobalSection(ExtensibilityGlobals) = postSolution
		SolutionGuid = {8B48D7D5-B995-4B2F-B9E7-8CFE1025563B}
	EndGlobalSection
EndGlobal
